
Microsoft Visual Studio Solution File, Format Version 12.00
# Visual Studio Version 16
VisualStudioVersion = 16.0.30104.148
MinimumVisualStudioVersion = 10.0.40219.1
Project("{FAE04EC0-301F-11D3-BF4B-00C04F79EFBC}") = "Ruleta", "Ruleta\Ruleta.csproj", "{D902C0BA-C5E9-48E1-A237-D9D5866003BD}"
EndProject
Global
	GlobalSection(SolutionConfigurationPlatforms) = preSolution
		Debug|Any CPU = Debug|Any CPU
		Release|Any CPU = Release|Any CPU
	EndGlobalSection
	GlobalSection(ProjectConfigurationPlatforms) = postSolution
		{D902C0BA-C5E9-48E1-A237-D9D5866003BD}.Debug|Any CPU.ActiveCfg = Debug|Any CPU
		{D902C0BA-C5E9-48E1-A237-D9D5866003BD}.Debug|Any CPU.Build.0 = Debug|Any CPU
		{D902C0BA-C5E9-48E1-A237-D9D5866003BD}.Release|Any CPU.ActiveCfg = Release|Any CPU
		{D902C0BA-C5E9-48E1-A237-D9D5866003BD}.Release|Any CPU.Build.0 = Release|Any CPU
	EndGlobalSection
	GlobalSection(SolutionProperties) = preSolution
		HideSolutionNode = FALSE
	EndGlobalSection
	GlobalSection(ExtensibilityGlobals) = postSolution
		SolutionGuid = {FCBB9C30-644C-49AF-9745-88E265DC20F4}
	EndGlobalSection
EndGlobal
